
Microsoft Visual Studio Solution File, Format Version 12.00
# Visual Studio Version 16
VisualStudioVersion = 16.0.28803.156
MinimumVisualStudioVersion = 10.0.40219.1
Project("{FAE04EC0-301F-11D3-BF4B-00C04F79EFBC}") = "PollyPhrases", "PollyPhrases\PollyPhrases.csproj", "{41A20795-31BE-4631-A48A-9B7AA56E9FAC}"
EndProject
Global
	GlobalSection(SolutionConfigurationPlatforms) = preSolution
		Debug|Any CPU = Debug|Any CPU
		Release|Any CPU = Release|Any CPU
	EndGlobalSection
	GlobalSection(ProjectConfigurationPlatforms) = postSolution
		{41A20795-31BE-4631-A48A-9B7AA56E9FAC}.Debug|Any CPU.ActiveCfg = Debug|Any CPU
		{41A20795-31BE-4631-A48A-9B7AA56E9FAC}.Debug|Any CPU.Build.0 = Debug|Any CPU
		{41A20795-31BE-4631-A48A-9B7AA56E9FAC}.Release|Any CPU.ActiveCfg = Release|Any CPU
		{41A20795-31BE-4631-A48A-9B7AA56E9FAC}.Release|Any CPU.Build.0 = Release|Any CPU
	EndGlobalSection
	GlobalSection(SolutionProperties) = preSolution
		HideSolutionNode = FALSE
	EndGlobalSection
	GlobalSection(ExtensibilityGlobals) = postSolution
		SolutionGuid = {2D04F2A8-2D35-45A7-8D32-ADB6844EB94A}
	EndGlobalSection
EndGlobal
